// !$*UTF8*$!
{
	archiveVersion = 1;
	classes = {
	};
	objectVersion = 50;
	objects = {

/* Begin PBXBuildFile section */
		AAB48B4D261BCCF100B815B0 /* CantusApp.swift in Sources */ = {isa = PBXBuildFile; fileRef = AAB48B3A261BCCEE00B815B0 /* CantusApp.swift */; };
		AAB48B4E261BCCF100B815B0 /* CantusApp.swift in Sources */ = {isa = PBXBuildFile; fileRef = AAB48B3A261BCCEE00B815B0 /* CantusApp.swift */; };
		AAB48B4F261BCCF100B815B0 /* ContentView.swift in Sources */ = {isa = PBXBuildFile; fileRef = AAB48B3B261BCCEE00B815B0 /* ContentView.swift */; };
		AAB48B50261BCCF100B815B0 /* ContentView.swift in Sources */ = {isa = PBXBuildFile; fileRef = AAB48B3B261BCCEE00B815B0 /* ContentView.swift */; };
		AAB48B51261BCCF100B815B0 /* Assets.xcassets in Resources */ = {isa = PBXBuildFile; fileRef = AAB48B3C261BCCF000B815B0 /* Assets.xcassets */; };
		AAB48B52261BCCF100B815B0 /* Assets.xcassets in Resources */ = {isa = PBXBuildFile; fileRef = AAB48B3C261BCCF000B815B0 /* Assets.xcassets */; };
/* End PBXBuildFile section */

/* Begin PBXFileReference section */
		AAB48B3A261BCCEE00B815B0 /* CantusApp.swift */ = {isa = PBXFileReference; lastKnownFileType = sourcecode.swift; path = CantusApp.swift; sourceTree = "<group>"; };
		AAB48B3B261BCCEE00B815B0 /* ContentView.swift */ = {isa = PBXFileReference; lastKnownFileType = sourcecode.swift; path = ContentView.swift; sourceTree = "<group>"; };
		AAB48B3C261BCCF000B815B0 /* Assets.xcassets */ = {isa = PBXFileReference; lastKnownFileType = folder.assetcatalog; path = Assets.xcassets; sourceTree = "<group>"; };
		AAB48B41261BCCF000B815B0 /* Cantus.app */ = {isa = PBXFileReference; explicitFileType = wrapper.application; includeInIndex = 0; path = Cantus.app; sourceTree = BUILT_PRODUCTS_DIR; };
		AAB48B44261BCCF000B815B0 /* Info.plist */ = {isa = PBXFileReference; lastKnownFileType = text.plist.xml; path = Info.plist; sourceTree = "<group>"; };
		AAB48B49261BCCF100B815B0 /* Cantus.app */ = {isa = PBXFileReference; explicitFileType = wrapper.application; includeInIndex = 0; path = Cantus.app; sourceTree = BUILT_PRODUCTS_DIR; };
		AAB48B4B261BCCF100B815B0 /* Info.plist */ = {isa = PBXFileReference; lastKnownFileType = text.plist.xml; path = Info.plist; sourceTree = "<group>"; };
		AAB48B4C261BCCF100B815B0 /* macOS.entitlements */ = {isa = PBXFileReference; lastKnownFileType = text.plist.entitlements; path = macOS.entitlements; sourceTree = "<group>"; };
/* End PBXFileReference section */

/* Begin PBXFrameworksBuildPhase section */
		AAB48B3E261BCCF000B815B0 /* Frameworks */ = {
			isa = PBXFrameworksBuildPhase;
			buildActionMask = 2147483647;
			files = (
			);
			runOnlyForDeploymentPostprocessing = 0;
		};
		AAB48B46261BCCF100B815B0 /* Frameworks */ = {
			isa = PBXFrameworksBuildPhase;
			buildActionMask = 2147483647;
			files = (
			);
			runOnlyForDeploymentPostprocessing = 0;
		};
/* End PBXFrameworksBuildPhase section */

/* Begin PBXGroup section */
		AAB48B34261BCCEE00B815B0 = {
			isa = PBXGroup;
			children = (
				AAB48B39261BCCEE00B815B0 /* Shared */,
				AAB48B43261BCCF000B815B0 /* iOS */,
				AAB48B4A261BCCF100B815B0 /* macOS */,
				AAB48B42261BCCF000B815B0 /* Products */,
			);
			sourceTree = "<group>";
		};
		AAB48B39261BCCEE00B815B0 /* Shared */ = {
			isa = PBXGroup;
			children = (
				AAB48B3A261BCCEE00B815B0 /* CantusApp.swift */,
				AAB48B3B261BCCEE00B815B0 /* ContentView.swift */,
				AAB48B3C261BCCF000B815B0 /* Assets.xcassets */,
			);
			path = Shared;
			sourceTree = "<group>";
		};
		AAB48B42261BCCF000B815B0 /* Products */ = {
			isa = PBXGroup;
			children = (
				AAB48B41261BCCF000B815B0 /* Cantus.app */,
				AAB48B49261BCCF100B815B0 /* Cantus.app */,
			);
			name = Products;
			sourceTree = "<group>";
		};
		AAB48B43261BCCF000B815B0 /* iOS */ = {
			isa = PBXGroup;
			children = (
				AAB48B44261BCCF000B815B0 /* Info.plist */,
			);
			path = iOS;
			sourceTree = "<group>";
		};
		AAB48B4A261BCCF100B815B0 /* macOS */ = {
			isa = PBXGroup;
			children = (
				AAB48B4B261BCCF100B815B0 /* Info.plist */,
				AAB48B4C261BCCF100B815B0 /* macOS.entitlements */,
			);
			path = macOS;
			sourceTree = "<group>";
		};
/* End PBXGroup section */

/* Begin PBXNativeTarget section */
		AAB48B40261BCCF000B815B0 /* Cantus (iOS) */ = {
			isa = PBXNativeTarget;
			buildConfigurationList = AAB48B55261BCCF100B815B0 /* Build configuration list for PBXNativeTarget "Cantus (iOS)" */;
			buildPhases = (
				AAB48B3D261BCCF000B815B0 /* Sources */,
				AAB48B3E261BCCF000B815B0 /* Frameworks */,
				AAB48B3F261BCCF000B815B0 /* Resources */,
			);
			buildRules = (
			);
			dependencies = (
			);
			name = "Cantus (iOS)";
			productName = "Cantus (iOS)";
			productReference = AAB48B41261BCCF000B815B0 /* Cantus.app */;
			productType = "com.apple.product-type.application";
		};
		AAB48B48261BCCF100B815B0 /* Cantus (macOS) */ = {
			isa = PBXNativeTarget;
			buildConfigurationList = AAB48B58261BCCF100B815B0 /* Build configuration list for PBXNativeTarget "Cantus (macOS)" */;
			buildPhases = (
				AAB48B45261BCCF100B815B0 /* Sources */,
				AAB48B46261BCCF100B815B0 /* Frameworks */,
				AAB48B47261BCCF100B815B0 /* Resources */,
			);
			buildRules = (
			);
			dependencies = (
			);
			name = "Cantus (macOS)";
			productName = "Cantus (macOS)";
			productReference = AAB48B49261BCCF100B815B0 /* Cantus.app */;
			productType = "com.apple.product-type.application";
		};
/* End PBXNativeTarget section */

/* Begin PBXProject section */
		AAB48B35261BCCEE00B815B0 /* Project object */ = {
			isa = PBXProject;
			attributes = {
				LastSwiftUpdateCheck = 1240;
				LastUpgradeCheck = 1240;
				TargetAttributes = {
					AAB48B40261BCCF000B815B0 = {
						CreatedOnToolsVersion = 12.4;
					};
					AAB48B48261BCCF100B815B0 = {
						CreatedOnToolsVersion = 12.4;
					};
				};
			};
			buildConfigurationList = AAB48B38261BCCEE00B815B0 /* Build configuration list for PBXProject "Cantus" */;
			compatibilityVersion = "Xcode 9.3";
			developmentRegion = en;
			hasScannedForEncodings = 0;
			knownRegions = (
				en,
				Base,
			);
			mainGroup = AAB48B34261BCCEE00B815B0;
			productRefGroup = AAB48B42261BCCF000B815B0 /* Products */;
			projectDirPath = "";
			projectRoot = "";
			targets = (
				AAB48B40261BCCF000B815B0 /* Cantus (iOS) */,
				AAB48B48261BCCF100B815B0 /* Cantus (macOS) */,
			);
		};
/* End PBXProject section */

/* Begin PBXResourcesBuildPhase section */
		AAB48B3F261BCCF000B815B0 /* Resources */ = {
			isa = PBXResourcesBuildPhase;
			buildActionMask = 2147483647;
			files = (
				AAB48B51261BCCF100B815B0 /* Assets.xcassets in Resources */,
			);
			runOnlyForDeploymentPostprocessing = 0;
		};
		AAB48B47261BCCF100B815B0 /* Resources */ = {
			isa = PBXResourcesBuildPhase;
			buildActionMask = 2147483647;
			files = (
				AAB48B52261BCCF100B815B0 /* Assets.xcassets in Resources */,
			);
			runOnlyForDeploymentPostprocessing = 0;
		};
/* End PBXResourcesBuildPhase section */

/* Begin PBXSourcesBuildPhase section */
		AAB48B3D261BCCF000B815B0 /* Sources */ = {
			isa = PBXSourcesBuildPhase;
			buildActionMask = 2147483647;
			files = (
				AAB48B4F261BCCF100B815B0 /* ContentView.swift in Sources */,
				AAB48B4D261BCCF100B815B0 /* CantusApp.swift in Sources */,
			);
			runOnlyForDeploymentPostprocessing = 0;
		};
		AAB48B45261BCCF100B815B0 /* Sources */ = {
			isa = PBXSourcesBuildPhase;
			buildActionMask = 2147483647;
			files = (
				AAB48B50261BCCF100B815B0 /* ContentView.swift in Sources */,
				AAB48B4E261BCCF100B815B0 /* CantusApp.swift in Sources */,
			);
			runOnlyForDeploymentPostprocessing = 0;
		};
/* End PBXSourcesBuildPhase section */

/* Begin XCBuildConfiguration section */
		AAB48B53261BCCF100B815B0 /* Debug */ = {
			isa = XCBuildConfiguration;
			buildSettings = {
				ALWAYS_SEARCH_USER_PATHS = NO;
				CLANG_ANALYZER_NONNULL = YES;
				CLANG_ANALYZER_NUMBER_OBJECT_CONVERSION = YES_AGGRESSIVE;
				CLANG_CXX_LANGUAGE_STANDARD = "gnu++14";
				CLANG_CXX_LIBRARY = "libc++";
				CLANG_ENABLE_MODULES = YES;
				CLANG_ENABLE_OBJC_ARC = YES;
				CLANG_ENABLE_OBJC_WEAK = YES;
				CLANG_WARN_BLOCK_CAPTURE_AUTORELEASING = YES;
				CLANG_WARN_BOOL_CONVERSION = YES;
				CLANG_WARN_COMMA = YES;
				CLANG_WARN_CONSTANT_CONVERSION = YES;
				CLANG_WARN_DEPRECATED_OBJC_IMPLEMENTATIONS = YES;
				CLANG_WARN_DIRECT_OBJC_ISA_USAGE = YES_ERROR;
				CLANG_WARN_DOCUMENTATION_COMMENTS = YES;
				CLANG_WARN_EMPTY_BODY = YES;
				CLANG_WARN_ENUM_CONVERSION = YES;
				CLANG_WARN_INFINITE_RECURSION = YES;
				CLANG_WARN_INT_CONVERSION = YES;
				CLANG_WARN_NON_LITERAL_NULL_CONVERSION = YES;
				CLANG_WARN_OBJC_IMPLICIT_RETAIN_SELF = YES;
				CLANG_WARN_OBJC_LITERAL_CONVERSION = YES;
				CLANG_WARN_OBJC_ROOT_CLASS = YES_ERROR;
				CLANG_WARN_QUOTED_INCLUDE_IN_FRAMEWORK_HEADER = YES;
				CLANG_WARN_RANGE_LOOP_ANALYSIS = YES;
				CLANG_WARN_STRICT_PROTOTYPES = YES;
				CLANG_WARN_SUSPICIOUS_MOVE = YES;
				CLANG_WARN_UNGUARDED_AVAILABILITY = YES_AGGRESSIVE;
				CLANG_WARN_UNREACHABLE_CODE = YES;
				CLANG_WARN__DUPLICATE_METHOD_MATCH = YES;
				COPY_PHASE_STRIP = NO;
				DEBUG_INFORMATION_FORMAT = dwarf;
				ENABLE_STRICT_OBJC_MSGSEND = YES;
				ENABLE_TESTABILITY = YES;
				GCC_C_LANGUAGE_STANDARD = gnu11;
				GCC_DYNAMIC_NO_PIC = NO;
				GCC_NO_COMMON_BLOCKS = YES;
				GCC_OPTIMIZATION_LEVEL = 0;
				GCC_PREPROCESSOR_DEFINITIONS = (
					"DEBUG=1",
					"$(inherited)",
				);
				GCC_WARN_64_TO_32_BIT_CONVERSION = YES;
				GCC_WARN_ABOUT_RETURN_TYPE = YES_ERROR;
				GCC_WARN_UNDECLARED_SELECTOR = YES;
				GCC_WARN_UNINITIALIZED_AUTOS = YES_AGGRESSIVE;
				GCC_WARN_UNUSED_FUNCTION = YES;
				GCC_WARN_UNUSED_VARIABLE = YES;
				MTL_ENABLE_DEBUG_INFO = INCLUDE_SOURCE;
				MTL_FAST_MATH = YES;
				ONLY_ACTIVE_ARCH = YES;
				SWIFT_ACTIVE_COMPILATION_CONDITIONS = DEBUG;
				SWIFT_OPTIMIZATION_LEVEL = "-Onone";
			};
			name = Debug;
		};
		AAB48B54261BCCF100B815B0 /* Release */ = {
			isa = XCBuildConfiguration;
			buildSettings = {
				ALWAYS_SEARCH_USER_PATHS = NO;
				CLANG_ANALYZER_NONNULL = YES;
				CLANG_ANALYZER_NUMBER_OBJECT_CONVERSION = YES_AGGRESSIVE;
				CLANG_CXX_LANGUAGE_STANDARD = "gnu++14";
				CLANG_CXX_LIBRARY = "libc++";
				CLANG_ENABLE_MODULES = YES;
				CLANG_ENABLE_OBJC_ARC = YES;
				CLANG_ENABLE_OBJC_WEAK = YES;
				CLANG_WARN_BLOCK_CAPTURE_AUTORELEASING = YES;
				CLANG_WARN_BOOL_CONVERSION = YES;
				CLANG_WARN_COMMA = YES;
				CLANG_WARN_CONSTANT_CONVERSION = YES;
				CLANG_WARN_DEPRECATED_OBJC_IMPLEMENTATIONS = YES;
				CLANG_WARN_DIRECT_OBJC_ISA_USAGE = YES_ERROR;
				CLANG_WARN_DOCUMENTATION_COMMENTS = YES;
				CLANG_WARN_EMPTY_BODY = YES;
				CLANG_WARN_ENUM_CONVERSION = YES;
				CLANG_WARN_INFINITE_RECURSION = YES;
				CLANG_WARN_INT_CONVERSION = YES;
				CLANG_WARN_NON_LITERAL_NULL_CONVERSION = YES;
				CLANG_WARN_OBJC_IMPLICIT_RETAIN_SELF = YES;
				CLANG_WARN_OBJC_LITERAL_CONVERSION = YES;
				CLANG_WARN_OBJC_ROOT_CLASS = YES_ERROR;
				CLANG_WARN_QUOTED_INCLUDE_IN_FRAMEWORK_HEADER = YES;
				CLANG_WARN_RANGE_LOOP_ANALYSIS = YES;
				CLANG_WARN_STRICT_PROTOTYPES = YES;
				CLANG_WARN_SUSPICIOUS_MOVE = YES;
				CLANG_WARN_UNGUARDED_AVAILABILITY = YES_AGGRESSIVE;
				CLANG_WARN_UNREACHABLE_CODE = YES;
				CLANG_WARN__DUPLICATE_METHOD_MATCH = YES;
				COPY_PHASE_STRIP = NO;
				DEBUG_INFORMATION_FORMAT = "dwarf-with-dsym";
				ENABLE_NS_ASSERTIONS = NO;
				ENABLE_STRICT_OBJC_MSGSEND = YES;
				GCC_C_LANGUAGE_STANDARD = gnu11;
				GCC_NO_COMMON_BLOCKS = YES;
				GCC_WARN_64_TO_32_BIT_CONVERSION = YES;
				GCC_WARN_ABOUT_RETURN_TYPE = YES_ERROR;
				GCC_WARN_UNDECLARED_SELECTOR = YES;
				GCC_WARN_UNINITIALIZED_AUTOS = YES_AGGRESSIVE;
				GCC_WARN_UNUSED_FUNCTION = YES;
				GCC_WARN_UNUSED_VARIABLE = YES;
				MTL_ENABLE_DEBUG_INFO = NO;
				MTL_FAST_MATH = YES;
				SWIFT_COMPILATION_MODE = wholemodule;
				SWIFT_OPTIMIZATION_LEVEL = "-O";
			};
			name = Release;
		};
		AAB48B56261BCCF100B815B0 /* Debug */ = {
			isa = XCBuildConfiguration;
			buildSettings = {
				ASSETCATALOG_COMPILER_APPICON_NAME = AppIcon;
				ASSETCATALOG_COMPILER_GLOBAL_ACCENT_COLOR_NAME = AccentColor;
				CODE_SIGN_STYLE = Automatic;
				ENABLE_PREVIEWS = YES;
				INFOPLIST_FILE = iOS/Info.plist;
				IPHONEOS_DEPLOYMENT_TARGET = 14.0;
				LD_RUNPATH_SEARCH_PATHS = (
					"$(inherited)",
					"@executable_path/Frameworks",
				);
				PRODUCT_BUNDLE_IDENTIFIER = dev.extrapolations.Cantus;
				PRODUCT_NAME = Cantus;
				SDKROOT = iphoneos;
				SWIFT_VERSION = 5.0;
				TARGETED_DEVICE_FAMILY = "1,2";
			};
			name = Debug;
		};
		AAB48B57261BCCF100B815B0 /* Release */ = {
			isa = XCBuildConfiguration;
			buildSettings = {
				ASSETCATALOG_COMPILER_APPICON_NAME = AppIcon;
				ASSETCATALOG_COMPILER_GLOBAL_ACCENT_COLOR_NAME = AccentColor;
				CODE_SIGN_STYLE = Automatic;
				ENABLE_PREVIEWS = YES;
				INFOPLIST_FILE = iOS/Info.plist;
				IPHONEOS_DEPLOYMENT_TARGET = 14.0;
				LD_RUNPATH_SEARCH_PATHS = (
					"$(inherited)",
					"@executable_path/Frameworks",
				);
				PRODUCT_BUNDLE_IDENTIFIER = dev.extrapolations.Cantus;
				PRODUCT_NAME = Cantus;
				SDKROOT = iphoneos;
				SWIFT_VERSION = 5.0;
				TARGETED_DEVICE_FAMILY = "1,2";
				VALIDATE_PRODUCT = YES;
			};
			name = Release;
		};
		AAB48B59261BCCF100B815B0 /* Debug */ = {
			isa = XCBuildConfiguration;
			buildSettings = {
				ASSETCATALOG_COMPILER_APPICON_NAME = AppIcon;
				ASSETCATALOG_COMPILER_GLOBAL_ACCENT_COLOR_NAME = AccentColor;
				CODE_SIGN_ENTITLEMENTS = macOS/macOS.entitlements;
				CODE_SIGN_STYLE = Automatic;
				COMBINE_HIDPI_IMAGES = YES;
				ENABLE_PREVIEWS = YES;
				INFOPLIST_FILE = macOS/Info.plist;
				LD_RUNPATH_SEARCH_PATHS = (
					"$(inherited)",
					"@executable_path/../Frameworks",
				);
				MACOSX_DEPLOYMENT_TARGET = 11.0;
				PRODUCT_BUNDLE_IDENTIFIER = dev.extrapolations.Cantus;
				PRODUCT_NAME = Cantus;
				SDKROOT = macosx;
				SWIFT_VERSION = 5.0;
			};
			name = Debug;
		};
		AAB48B5A261BCCF100B815B0 /* Release */ = {
			isa = XCBuildConfiguration;
			buildSettings = {
				ASSETCATALOG_COMPILER_APPICON_NAME = AppIcon;
				ASSETCATALOG_COMPILER_GLOBAL_ACCENT_COLOR_NAME = AccentColor;
				CODE_SIGN_ENTITLEMENTS = macOS/macOS.entitlements;
				CODE_SIGN_STYLE = Automatic;
				COMBINE_HIDPI_IMAGES = YES;
				ENABLE_PREVIEWS = YES;
				INFOPLIST_FILE = macOS/Info.plist;
				LD_RUNPATH_SEARCH_PATHS = (
					"$(inherited)",
					"@executable_path/../Frameworks",
				);
				MACOSX_DEPLOYMENT_TARGET = 11.0;
				PRODUCT_BUNDLE_IDENTIFIER = dev.extrapolations.Cantus;
				PRODUCT_NAME = Cantus;
				SDKROOT = macosx;
				SWIFT_VERSION = 5.0;
			};
			name = Release;
		};
/* End XCBuildConfiguration section */

/* Begin XCConfigurationList section */
		AAB48B38261BCCEE00B815B0 /* Build configuration list for PBXProject "Cantus" */ = {
			isa = XCConfigurationList;
			buildConfigurations = (
				AAB48B53261BCCF100B815B0 /* Debug */,
				AAB48B54261BCCF100B815B0 /* Release */,
			);
			defaultConfigurationIsVisible = 0;
			defaultConfigurationName = Release;
		};
		AAB48B55261BCCF100B815B0 /* Build configuration list for PBXNativeTarget "Cantus (iOS)" */ = {
			isa = XCConfigurationList;
			buildConfigurations = (
				AAB48B56261BCCF100B815B0 /* Debug */,
				AAB48B57261BCCF100B815B0 /* Release */,
			);
			defaultConfigurationIsVisible = 0;
			defaultConfigurationName = Release;
		};
		AAB48B58261BCCF100B815B0 /* Build configuration list for PBXNativeTarget "Cantus (macOS)" */ = {
			isa = XCConfigurationList;
			buildConfigurations = (
				AAB48B59261BCCF100B815B0 /* Debug */,
				AAB48B5A261BCCF100B815B0 /* Release */,
			);
			defaultConfigurationIsVisible = 0;
			defaultConfigurationName = Release;
		};
/* End XCConfigurationList section */
	};
	rootObject = AAB48B35261BCCEE00B815B0 /* Project object */;
}
